
Microsoft Visual Studio Solution File, Format Version 12.00
# Visual Studio Version 17
VisualStudioVersion = 17.11.35219.272
MinimumVisualStudioVersion = 10.0.40219.1
Project("{FAE04EC0-301F-11D3-BF4B-00C04F79EFBC}") = "PermisosAPI", "PermisosAPI.csproj", "{FAD229C8-2EE5-4FD0-A44B-6ED4FA199756}"
EndProject
Global
	GlobalSection(SolutionConfigurationPlatforms) = preSolution
		Debug|Any CPU = Debug|Any CPU
		Release|Any CPU = Release|Any CPU
	EndGlobalSection
	GlobalSection(ProjectConfigurationPlatforms) = postSolution
		{FAD229C8-2EE5-4FD0-A44B-6ED4FA199756}.Debug|Any CPU.ActiveCfg = Debug|Any CPU
		{FAD229C8-2EE5-4FD0-A44B-6ED4FA199756}.Debug|Any CPU.Build.0 = Debug|Any CPU
		{FAD229C8-2EE5-4FD0-A44B-6ED4FA199756}.Release|Any CPU.ActiveCfg = Release|Any CPU
		{FAD229C8-2EE5-4FD0-A44B-6ED4FA199756}.Release|Any CPU.Build.0 = Release|Any CPU
	EndGlobalSection
	GlobalSection(SolutionProperties) = preSolution
		HideSolutionNode = FALSE
	EndGlobalSection
	GlobalSection(ExtensibilityGlobals) = postSolution
		SolutionGuid = {935F43D1-7684-4D06-88DB-3C2B4D72B289}
	EndGlobalSection
EndGlobal
